{
  "name": "siatube-backend",
  "version": "3.0.0",
  "lockfileVersion": 3,
  "requires": true,
  "packages": {
    "": {
      "name": "siatube-backend",
      "version": "3.0.0",
      "dependencies": {
        "compression": "^1.7.4",
        "express": "^4.19.2",
        "express-rate-limit": "^7.2.0",
        "helmet": "^8.0.0",
        "pino": "^9.0.0",
        "pino-http": "^10.0.0",
        "youtubei.js": "^14.0.0"
      }
    },
    "node_modules/@socket.io/component-emitter": {
      "version": "3.1.2",
      "resolved": "https://registry.npmjs.org/@socket.io/component-emitter/-/component-emitter-3.1.2.py",
      "integrity": "sha512-9BCpFlwQBGjiSAG3Qczkv6BI3GLTJBWlEglqoMCflNDdSWKUsqGYDVJUhu49Q71KV8v0HzZKBZB83/mGWZIg=="
    },
    "node_modules/agent-base": {
      "version": "7.1.1",
      "resolved": "https://registry.npmjs.org/agent-base/-/agent-base-7.1.1.tgz",
      "integrity": "sha512-H0dbNrlflzwNnTWSA08hLjBKsq9YjKRikTN8jVG1TZBC9rCWCUpsKYjsTsTH/qk4SR8CIkomu0dSKTM/9RtKVg==",
      "dependencies": {
        "debug": "^4.3.4"
      },
      "engines": {
        "node": ">= 14"
      }
    },
    "node_modules/buffer-equal-constant-time": {
      "version": "1.0.1",
      "resolved": "https://registry.npmjs.org/buffer-equal-constant-time/-/buffer-equal-constant-time-1.0.1.tgz",
      "integrity": "sha512-zRpUiEswd/xkMKxypmCFU0q0VvMQ64C8nPUZoFs9gznwijNbOXM7U770CJ9tZNiKNsu99Oo63oXLR0HW8VY9Cw=="
    },
    "node_modules/bytes": {
      "version": "3.1.2",
      "resolved": "https://registry.npmjs.org/bytes/-/bytes-3.1.2.tgz",
      "integrity": "sha512-/NfHWcydTxCS6TU0j6nV06hFV35qhuJm0DF7w8fy0Sh59906n93GD90QaJIgXcD7GSj9zy099vUqSxh8DGx8w==",
      "engines": {
        "node": ">= 0.8"
      }
    },
    "node_modules/colorette": {
      "version": "2.0.20",
      "resolved": "https://registry.npmjs.org/colorette/-/colorette-2.0.20.tgz",
      "integrity": "sha512-IfEDxwoWIjkeXL1DpXCDiiz4s5gi99hm5QhY8tMKZVf989mpQbLE6036Mg29m9GvRP0000SQZQYGbP4CJ9K8aQ=="
    },
    "node_modules/combined-stream": {
      "version": "1.0.8",
      "resolved": "https://registry.npmjs.org/combined-stream/-/combined-stream-1.0.8.tgz",
      "integrity": "sha512-FQNIBmkDQ/SvHLICJVIPq38d8h9DE3YqIGaTNCDJkPALez6g7UGI0799YnJRS7PMmQsSQ4mCSLCZD30JCW39DA==",
      "dependencies": {
        "delayed-stream": "~1.0.0"
      },
      "engines": {
        "node": ">= 0.8"
      }
    },
    "node_modules/commander": {
      "version": "11.1.0",
      "resolved": "https://registry.npmjs.org/commander/-/commander-11.1.0.tgz",
      "integrity": "sha512cliPVPSvwqcJvIXql4puMJkVTBwhDPJj9tWEAsrBj89WtchpynTGKcY9DgzflHGRLxMCxGQ6rkrFH9KxrANw==",
      "engines": {
        "node": ">=16"
      }
    },
    "node_modules/compression": {
      "version": "1.7.4",
      "resolved": "https://registry.npmjs.org/compression/-/compression-1.7.4.tgz",
      "integrity": "sha512-jaSIDzP9pZGS4SR5Xyd3d8V99967IH0599M048hqXF89TNkitxS7q9cg9642t1sTG00papHy6v066S0KRx9mIA==",
      "dependencies": {
        "accepts": "~1.3.5",
        "bytes": "3.0.0",
        "compressible": "~2.0.16",
        "debug": "2.6.9",
        "on-headers": "~1.0.2",
        "safe-buffer": "5.1.2",
        "vary": "~1.1.2"
      },
      "engines": {
        "node": ">= 0.8.0"
      }
    },
    "node_modules/compression/node_modules/bytes": {
      "version": "3.0.0",
      "resolved": "https://registry.npmjs.org/bytes/-/bytes-3.0.0.tgz",
      "integrity": "sha512-pMuzv3TdCOBMFD1XSRnyNRNNIaCJIDn4Ho4cqTXNXQFLkV0dUn8QgNHTPAB2MP4SRKWainFX67SZWf76d9DhyQ==",
      "engines": {
        "node": ">= 0.8"
      }
    },
    "node_modules/compression/node_modules/debug": {
      "version": "2.6.9",
      "resolved": "https://registry.npmjs.org/debug/-/debug-2.6.9.tgz",
      "integrity": "sha512-bC7VeDWCRjLK89DmTPTN9936RFrotxrPBJUnmhUnhIr403K4xwAVwIOWx3FIxhFG9gmImPsqG/jS06JLE40UYQ==",
      "dependencies": {
        "ms": "2.0.0"
      }
    },
    "node_modules/compression/node_modules/ms": {
      "version": "2.0.0",
      "resolved": "https://registry.npmjs.org/ms/-/ms-2.0.0.tgz",
      "integrity": "sha512-Tpp60P6SU2UGyuCXN69K6Ai8topr901800hi393ylC80SLmT9fN97dr0gZ5iNdwrHV9KB9AI2BmysFPzqIhrmw=="
    },
    "node_modules/compression/node_modules/safe-buffer": {
      "version": "5.1.2",
      "resolved": "https://registry.npmjs.org/safe-buffer/-/safe-buffer-5.1.2.tgz",
      "integrity": "sha512-tZdICBPJ/sT6041y55717UO81P92zeUAsG6gDTKsyY/U060_8n6F00fZ/GX6rY6KXxF7Iiw8695f88SUgxvw== "
    },
    "node_modules/content-type": {
      "version": "1.0.5",
      "resolved": "https://registry.npmjs.org/content-type/-/content-type-1.0.5.tgz",
      "integrity": "sha512-nTjqOlvGVipKHBP1JytnjiBg55nn533JfcDsqsjM9768MRUg7euq0XY6+YMTYtxN/ckMIBI4LQltJutvX099IA==",
      "engines": {
        "node": ">= 0.6"
      }
    },
    "node_modules/cookie": {
      "version": "0.6.0",
      "resolved": "https://registry.npmjs.org/cookie/-/cookie-0.6.0.tgz",
      "integrity": "sha512-YZx9yn8L4VuzVINc8oSRT/30n88WZTPWbngzKRwRMIV8kG36m537zyyswfiGRvRXzVfS3USZU/GBwsVjo5DqCA==",
      "engines": {
        "node": ">= 0.6"
      }
    },
    "node_modules/cookie-signature": {
      "version": "1.0.6",
      "resolved": "https://registry.npmjs.org/cookie-signature/-/cookie-signature-1.0.6.tgz",
      "integrity": "sha512-nHDmJ5zMjIF0Nb23rEeHP5gkyIDmDCtn8OuYTNkLzyyWkyrbDTLMBGsIBJkrDJJTIWZLDauCaHlD/8DOjLw=="
    },
    "node_modules/debug": {
      "version": "4.3.4",
      "resolved": "https://registry.npmjs.org/debug/-/debug-4.3.4.tgz",
      "integrity": "sha512-PRWFHuSU3eMgQJPvn9NNScket42ZVwN0OP348858N8VV99xgxAk7YZL0rN094FZFG8kFmMWCIkSUI-5MPVL2fw==",
      "dependencies": {
        "ms": "2.1.2"
      },
      "engines": {
        "node": ">=6.0"
      },
      "peerDependenciesMeta": {
        "supports-color": {
          "optional": true
        }
      }
    },
    "node_modules/delayed-stream": {
      "version": "1.0.0",
      "resolved": "https://registry.npmjs.org/delayed-stream/-/delayed-stream-1.0.0.tgz",
      "integrity": "sha512-vKpVgbPMHzaksTUWiNZktnsDJje/0MiQRiHj8niIWpyHhJdMhMUztVqDPvNnYF5vCNuuECWLS+GfLJWvNn8kGw==",
      "engines": {
        "node": ">= 0.4.0"
      }
    },
    "node_modules/ecdsa-sig-formatter": {
      "version": "1.0.11",
      "resolved": "https://registry.npmjs.org/ecdsa-sig-formatter/-/ecdsa-sig-formatter-1.0.11.tgz",
      "integrity": "sha512-nfgSEb8JriCVzeP900cN7HypJSTpjrGq0J0gFLNXIWambCLh7sVL0CBxF1978GAk3_8GjDxGQ80usb8ikF8Zxw=="
    },
    "node_modules/encodeurl": {
      "version": "1.0.2",
      "resolved": "https://registry.npmjs.org/encodeurl/-/encodeurl-1.0.2.tgz",
      "integrity": "sha512-PCyxTZolBlkVNQENqEnLukSWqNitjOUp3D447f8L/T06YVvLd5D9BsuZ+gD5d9Dmg0Y70ZtH5K/K0bJ2YV92w==",
      "engines": {
        "node": ">= 0.8"
      }
    },
    "node_modules/escape-html": {
      "version": "1.0.3",
      "resolved": "https://registry.npmjs.org/escape-html/-/escape-html-1.0.3.tgz",
      "integrity": "sha512-NiSupZ3OeuG1685gy7K0I34JGL8s01909hlJ9786FN80SaTV8ydG9TvNYytqUD1XZG99sv7/gseyNqUkBAcdIg=="
    },
    "node_modules/etag": {
      "version": "1.8.1",
      "resolved": "https://registry.npmjs.org/etag/-/etag-1.8.1.tgz",
      "integrity": "sha512-aIL5Fx7mawVa300al2BnEE4iNao1qETxLrIB9oNDJZbSaUIvHCfzShWP5iURxhXYVDSr78AlDH_BuJJrLG8GrQ==",
      "engines": {
        "node": ">= 0.6"
      }
    },
    "node_modules/express": {
      "version": "4.19.2",
      "resolved": "https://registry.npmjs.org/express/-/express-4.19.2.tgz",
      "integrity": "sha512-5UFmLfcjsTN9Q8N88n5HQ7YAE99vCIBfjtHC70JfFDFMvHc4GR15Os8SYTU3Faa86198bHKLi8LG1DWxTFkJgA==",
      "dependencies": {
        "accepts": "~1.3.8",
        "array-flatten": "1.1.1",
        "body-parser": "1.20.2",
        "content-disposition": "0.5.4",
        "content-type": "~1.0.4",
        "cookie": "0.6.0",
        "cookie-signature": "1.0.6",
        "debug": "2.6.9",
        "depd": "2.0.0",
        "encodeurl": "~1.0.2",
        "escape-html": "1.0.3",
        "etag": "~1.8.1",
        "finalhandler": "1.2.0",
        "fresh": "0.5.2",
        "http-errors": "2.0.0",
        "merge-descriptors": "1.0.1",
        "methods": "1.1.2",
        "on-finished": "2.4.1",
        "parseurl": "~1.3.3",
        "path-to-regexp": "0.1.7",
        "proxy-addr": "~2.0.7",
        "qs": "6.11.0",
        "range-parser": "~1.2.1",
        "safe-buffer": "5.2.1",
        "send": "0.18.2",
        "serve-static": "1.15.0",
        "setprototypeof": "1.2.0",
        "statuses": "2.0.1",
        "type-is": "~1.6.18",
        "utils-merge": "1.0.1",
        "vary": "~1.1.2"
      },
      "engines": {
        "node": ">= 0.10.0"
      }
    },
    "node_modules/express-rate-limit": {
      "version": "7.2.0",
      "resolved": "https://registry.npmjs.org/express-rate-limit/-/express-rate-limit-7.2.0.tgz",
      "integrity": "sha512-Tnt2xG1K8X1H2c5+5b1jS1R2k8m8rS9z2V1k9z7bQ8tQ2900xWp+M96S5P6R0wQ==",
      "engines": {
        "node": ">= 16"
      },
      "peerDependencies": {
        "express": "^4.13.0"
      }
    },
    "node_modules/express/node_modules/debug": {
      "version": "2.6.9",
      "resolved": "https://registry.npmjs.org/debug/-/debug-2.6.9.tgz",
      "integrity": "sha512-bC7VeDWCRjLK89DmTPTN9936RFrotxrPBJUnmhUnhIr403K4xwAVwIOWx3FIxhFG9gmImPsqG/jS06JLE40UYQ==",
      "dependencies": {
        "ms": "2.0.0"
      }
    },
    "node_modules/express/node_modules/ms": {
      "version": "2.0.0",
      "resolved": "https://registry.npmjs.org/ms/-/ms-2.0.0.tgz",
      "integrity": "sha512-Tpp60P6SU2UGyuCXN69K6Ai8topr901800hi393ylC80SLmT9fN97dr0gZ5iNdwrHV9KB9AI2BmysFPzqIhrmw=="
    },
    "node_modules/fsevents": {
      "version": "2.3.3",
      "resolved": "https://registry.npmjs.org/fsevents/-/fsevents-2.3.3.tgz",
      "integrity": "sha512-5xqNXD8DMPIDXq8vQYFjPUifab33UShSQY0pJyp68SSNaTU/sy8dO089JAk5wW+hy9RD6G0_YjW84N5vKHz0qA==",
      "hasInstallScript": true,
      "optional": true,
      "os": [
        "darwin"
      ],
      "engines": {
        "node": "^8.10.0 || >=14.0.0"
      }
    },
    "node_modules/helmet": {
      "version": "8.0.0",
      "resolved": "https://registry.npmjs.org/helmet/-/helmet-8.0.0.tgz",
      "integrity": "sha512-4OQKPYUamKsDczngT8qV4+m58l0i6xKnn4BGrUaM9W9R8xR+bY2xK2MvK9+a74U5VfRzM7b0YqA==",
      "engines": {
        "node": ">=18.0.0"
      }
    },
    "node_modules/ms": {
      "version": "2.1.2",
      "resolved": "https://registry.npmjs.org/ms/-/ms-2.1.2.tgz",
      "integrity": "sha512-R5Svn4dMsKDXPdDsdvSqt8k+4S9R00M9yWzRj/5Lw6vVwZ0X1l2Xl5R2k0Q=="
    },
    "node_modules/pino": {
      "version": "9.0.0",
      "resolved": "https://registry.npmjs.org/pino/-/pino-9.0.0.tgz",
      "integrity": "sha512-1Zfb1d2z2cM2lY6c4RzXvWf9X2q29K/R9n4H09QWw8WlV8T1lG2GzM2QW0w==",
      "dependencies": {
        "colorette": "^2.0.19",
        "quick-format-unescaped": "^4.0.4",
        "real-require": "^0.2.0",
        "safe-stable-stringify": "^2.3.1",
        "sonic-boom": "^4.0.0",
        "thread-stream": "^3.0.0"
      },
      "bin": {
        "pino": "bin.js"
      }
    },
    "node_modules/pino-http": {
      "version": "10.0.0",
      "resolved": "https://registry.npmjs.org/pino-http/-/pino-http-10.0.0.tgz",
      "integrity": "sha512-T9sHjL3xS1d39rZqT7HlFhJ+X5V4Q9d9L8Yl9d5P0b6HqGf2XpTj7TfD2z3lGzP809O6Tz7K5O9HlM7b6Q==",
      "dependencies": {
        "pino": "^9.0.0",
        "pino-std-serializers": "^7.0.0",
        "process-warning": "^3.0.0"
      }
    },
    "node_modules/pino-std-serializers": {
      "version": "7.0.0",
      "resolved": "https://registry.npmjs.org/pino-std-serializers/-/pino-std-serializers-7.0.0.tgz",
      "integrity": "sha512-e906TDYxr+hxESf+9S20CSN1UOBApo8MAGN+VSLXRO1iROGRn898bXVOJpOcXsiLzVWXSflEQs6bxYQKVMgpjw=="
    },
    "node_modules/process-warning": {
      "version": "3.0.0",
      "resolved": "https://registry.npmjs.org/process-warning/-/process-warning-3.0.0.tgz",
      "integrity": "sha512-mqnPOkANltoSdJydGJRTtoUPHpuAkG7gJmMIkCUqKCi9kEHIQxSWyEWEFPo9QqN03+HwT4GyuTGhXH0ZShK/kQ=="
    },
    "node_modules/quick-format-unescaped": {
      "version": "4.0.4",
      "resolved": "https://registry.npmjs.org/quick-format-unescaped/-/quick-format-unescaped-4.0.4.tgz",
      "integrity": "sha512-tYC1G1hgyJoGMxuG9jxCOhyDNVGnzASUEuqU2AQJ9Vl2ijibuLIw/Sqv6mYigChx0Bs98ywhHDsvDe6js4ANbw=="
    },
    "node_modules/real-require": {
      "version": "0.2.0",
      "resolved": "https://registry.npmjs.org/real-require/-/real-require-0.2.0.tgz",
      "integrity": "sha512-57frr6/OCTLSLS7BV6CG9VdFDLQmWcK8+9Wtxve9sKVmUdaGQK9dPMgCWyHZVQJRYw6JRCdTRG8vSia9JjIB+w=="
    },
    "node_modules/safe-stable-stringify": {
      "version": "2.4.3",
      "resolved": "https://registry.npmjs.org/safe-stable-stringify/-/safe-stable-stringify-2.4.3.tgz",
      "integrity": "sha512-e2SBA2WhTpsM//hlCT9CIk4d9G6U3u0zL5/jpyvU+J9J9rI/n+v0V5eWd7JpXlVn9G2pU018w=="
    },
    "node_modules/sonic-boom": {
      "version": "4.0.1",
      "resolved": "https://registry.npmjs.org/sonic-boom/-/sonic-boom-4.0.1.tgz",
      "integrity": "sha512-Laui8LPAjfrS3qgNGYc0Q6gQ+vY63W1mGk4q+0l0Dti1C+u1E8gD9kXFwWJ0V8CgP9f1qRzG6Qv8fX0T1mBw=="
    },
    "node_modules/thread-stream": {
      "version": "3.1.0",
      "resolved": "https://registry.npmjs.org/thread-stream": "3.1.0",
      "integrity": "sha512-OhaVpGuvbswYZOADZAvzRYrUVaJc0s+v8uP07Tj1kM5h1D6YJ8g+9V0VdF9651kXzV1LlHw=="
    },
    "node_modules/youtubei.js": {
      "version": "14.0.0",
      "resolved": "https://registry.npmjs.org/youtubei.js/-/youtubei.js-14.0.0.tgz",
      "integrity": "sha512-H7k8Hw098c7nF6jL8hO3P3S6nS6x6d9lF9b3hH8l8eK9mH9p6l5y9fG2CqW80bTf9x2c8gKjGz2j9g5D7g=="
    }
  }
}
